
Microsoft Visual Studio Solution File, Format Version 12.00
# Visual Studio Version 17
VisualStudioVersion = 17.11.35327.3
MinimumVisualStudioVersion = 10.0.40219.1
Project("{FAE04EC0-301F-11D3-BF4B-00C04F79EFBC}") = "SistemaAlquileres", "SistemaAlquileres.csproj", "{EE27AD2D-3C49-47BC-9138-23C63B478FAC}"
EndProject
Global
	GlobalSection(SolutionConfigurationPlatforms) = preSolution
		Debug|Any CPU = Debug|Any CPU
		Release|Any CPU = Release|Any CPU
	EndGlobalSection
	GlobalSection(ProjectConfigurationPlatforms) = postSolution
		{EE27AD2D-3C49-47BC-9138-23C63B478FAC}.Debug|Any CPU.ActiveCfg = Debug|Any CPU
		{EE27AD2D-3C49-47BC-9138-23C63B478FAC}.Debug|Any CPU.Build.0 = Debug|Any CPU
		{EE27AD2D-3C49-47BC-9138-23C63B478FAC}.Release|Any CPU.ActiveCfg = Release|Any CPU
		{EE27AD2D-3C49-47BC-9138-23C63B478FAC}.Release|Any CPU.Build.0 = Release|Any CPU
	EndGlobalSection
	GlobalSection(SolutionProperties) = preSolution
		HideSolutionNode = FALSE
	EndGlobalSection
	GlobalSection(ExtensibilityGlobals) = postSolution
		SolutionGuid = {BD4B0789-714A-4A6D-A779-B7E765B8C58F}
	EndGlobalSection
EndGlobal
